PODS:
  - contacts_service (0.2.1):
    - Flutter
  - Flutter (1.0.0)
  - permission_handler (2.2.0):
    - Flutter

DEPENDENCIES:
  - contacts_service (from `/Users/shorny/data/workspace/personal/flutter/svatky/repo/flutter_contacts/ios`)
  - Flutter (from `/Users/shorny/sdk/flutter/bin/cache/artifacts/engine/ios`)
  - permission_handler (from `/Users/shorny/sdk/flutter/.pub-cache/hosted/pub.dartlang.org/permission_handler-2.2.0/ios`)

EXTERNAL SOURCES:
  contacts_service:
    :path: "/Users/shorny/data/workspace/personal/flutter/svatky/repo/flutter_contacts/ios"
  Flutter:
    :path: "/Users/shorny/sdk/flutter/bin/cache/artifacts/engine/ios"
  permission_handler:
    :path: "/Users/shorny/sdk/flutter/.pub-cache/hosted/pub.dartlang.org/permission_handler-2.2.0/ios"

SPEC CHECKSUMS:
  contacts_service: 64ebf2a313b34bff0acf668efac52ae402ba9be0
  Flutter: 0e3d915762c693b495b44d77113d4970485de6ec
  permission_handler: 0fc6d6641c09e4bfd5541dd39b0f44c7e369aa6b

PODFILE CHECKSUM: b3f98f39b16cc0a18e5ea9ecbe5cfbc88c2ad26a

COCOAPODS: 1.8.3
